Microsoft Visual Studio Solution File, Format Version 12.00
# Visual Studio Version 17
VisualStudioVersion = 17.5.2.0
MinimumVisualStudioVersion = 10.0.40219.1
Project("{FAE04EC0-301F-11D3-BF4B-00C04F79EFBC}") = "ElectricalCommands", "ElectricalCommands.csproj", "{C0F8A6B6-4C8B-413C-8D8F-3D1C53B5E1E4}"
EndProject
Project("{2150E333-8FDC-42A3-9474-1A3956D46DE8}") = "AutoCADCommands", "AutoCADCommands", "{F8452A2A-B2A9-462B-BE71-1D4C5E1C0254}"
EndProject
Project("{FAE04EC0-301F-11D3-BF4B-00C04F79EFBC}") = "AutoCADCommands.CleanCADCommands", "AutoCADCommands\CleanCADCommands\AutoCADCommands.CleanCADCommands.csproj", "{CB9AE141-53A0-4D3B-A5DA-970055ECABA2}"
EndProject
Project("{FAE04EC0-301F-11D3-BF4B-00C04F79EFBC}") = "AutoCADCommands.GeneralCommands", "AutoCADCommands\GeneralCommands\AutoCADCommands.GeneralCommands.csproj", "{3FBCCC8B-AF63-43B8-8496-88204FB51E1C}"
EndProject
Project("{FAE04EC0-301F-11D3-BF4B-00C04F79EFBC}") = "AutoCADCommands.GetAttributesCommands", "AutoCADCommands\GetAttributesCommands\AutoCADCommands.GetAttributesCommands.csproj", "{CE95BBB7-E977-4B8C-9DD1-7EAB53AFAA37}"
EndProject
Project("{FAE04EC0-301F-11D3-BF4B-00C04F79EFBC}") = "AutoCADCommands.T24Commands", "AutoCADCommands\T24Commands\AutoCADCommands.T24Commands.csproj", "{46745FEE-E8F7-4CBD-923A-D186F1A33673}"
EndProject
Project("{FAE04EC0-301F-11D3-BF4B-00C04F79EFBC}") = "AutoCADCommands.TextCommands", "AutoCADCommands\TextCommands\AutoCADCommands.TextCommands.csproj", "{A3D57182-F892-45B7-AA74-3C6D6146AE15}"
EndProject
Project("{FAE04EC0-301F-11D3-BF4B-00C04F79EFBC}") = "AutoCADCommands.PlotCommands", "AutoCADCommands\PlotCommands\AutoCADCommands.PlotCommands.csproj", "{E4B7C0C1-9A1D-4C6D-9A77-0E0A9AB5F7C1}"
EndProject
Global
	GlobalSection(SolutionConfigurationPlatforms) = preSolution
		Debug|Any CPU = Debug|Any CPU
		Release|Any CPU = Release|Any CPU
	EndGlobalSection
	GlobalSection(ProjectConfigurationPlatforms) = postSolution
		{C0F8A6B6-4C8B-413C-8D8F-3D1C53B5E1E4}.Debug|Any CPU.ActiveCfg = Debug|Any CPU
		{C0F8A6B6-4C8B-413C-8D8F-3D1C53B5E1E4}.Debug|Any CPU.Build.0 = Debug|Any CPU
		{C0F8A6B6-4C8B-413C-8D8F-3D1C53B5E1E4}.Release|Any CPU.ActiveCfg = Release|Any CPU
		{C0F8A6B6-4C8B-413C-8D8F-3D1C53B5E1E4}.Release|Any CPU.Build.0 = Release|Any CPU
		{CB9AE141-53A0-4D3B-A5DA-970055ECABA2}.Debug|Any CPU.ActiveCfg = Debug|Any CPU
		{CB9AE141-53A0-4D3B-A5DA-970055ECABA2}.Debug|Any CPU.Build.0 = Debug|Any CPU
		{CB9AE141-53A0-4D3B-A5DA-970055ECABA2}.Release|Any CPU.ActiveCfg = Release|Any CPU
		{CB9AE141-53A0-4D3B-A5DA-970055ECABA2}.Release|Any CPU.Build.0 = Release|Any CPU
		{3FBCCC8B-AF63-43B8-8496-88204FB51E1C}.Debug|Any CPU.ActiveCfg = Debug|Any CPU
		{3FBCCC8B-AF63-43B8-8496-88204FB51E1C}.Debug|Any CPU.Build.0 = Debug|Any CPU
		{3FBCCC8B-AF63-43B8-8496-88204FB51E1C}.Release|Any CPU.ActiveCfg = Release|Any CPU
		{3FBCCC8B-AF63-43B8-8496-88204FB51E1C}.Release|Any CPU.Build.0 = Release|Any CPU
		{CE95BBB7-E977-4B8C-9DD1-7EAB53AFAA37}.Debug|Any CPU.ActiveCfg = Debug|Any CPU
		{CE95BBB7-E977-4B8C-9DD1-7EAB53AFAA37}.Debug|Any CPU.Build.0 = Debug|Any CPU
		{CE95BBB7-E977-4B8C-9DD1-7EAB53AFAA37}.Release|Any CPU.ActiveCfg = Release|Any CPU
		{CE95BBB7-E977-4B8C-9DD1-7EAB53AFAA37}.Release|Any CPU.Build.0 = Release|Any CPU
		{46745FEE-E8F7-4CBD-923A-D186F1A33673}.Debug|Any CPU.ActiveCfg = Debug|Any CPU
		{46745FEE-E8F7-4CBD-923A-D186F1A33673}.Debug|Any CPU.Build.0 = Debug|Any CPU
		{46745FEE-E8F7-4CBD-923A-D186F1A33673}.Release|Any CPU.ActiveCfg = Release|Any CPU
		{46745FEE-E8F7-4CBD-923A-D186F1A33673}.Release|Any CPU.Build.0 = Release|Any CPU
		{A3D57182-F892-45B7-AA74-3C6D6146AE15}.Debug|Any CPU.ActiveCfg = Debug|Any CPU
		{A3D57182-F892-45B7-AA74-3C6D6146AE15}.Debug|Any CPU.Build.0 = Debug|Any CPU
		{A3D57182-F892-45B7-AA74-3C6D6146AE15}.Release|Any CPU.ActiveCfg = Release|Any CPU
		{A3D57182-F892-45B7-AA74-3C6D6146AE15}.Release|Any CPU.Build.0 = Release|Any CPU
	EndGlobalSection
	GlobalSection(SolutionProperties) = preSolution
		HideSolutionNode = FALSE
	EndGlobalSection
	GlobalSection(NestedProjects) = preSolution
		{CB9AE141-53A0-4D3B-A5DA-970055ECABA2} = {F8452A2A-B2A9-462B-BE71-1D4C5E1C0254}
		{3FBCCC8B-AF63-43B8-8496-88204FB51E1C} = {F8452A2A-B2A9-462B-BE71-1D4C5E1C0254}
		{CE95BBB7-E977-4B8C-9DD1-7EAB53AFAA37} = {F8452A2A-B2A9-462B-BE71-1D4C5E1C0254}
		{46745FEE-E8F7-4CBD-923A-D186F1A33673} = {F8452A2A-B2A9-462B-BE71-1D4C5E1C0254}
		{A3D57182-F892-45B7-AA74-3C6D6146AE15} = {F8452A2A-B2A9-462B-BE71-1D4C5E1C0254}
		{E4B7C0C1-9A1D-4C6D-9A77-0E0A9AB5F7C1} = {F8452A2A-B2A9-462B-BE71-1D4C5E1C0254}
	EndGlobalSection
	GlobalSection(ExtensibilityGlobals) = postSolution
		SolutionGuid = {555FC1DE-078A-4BDA-9EC8-A43F5E42FBB5}
	EndGlobalSection
	GlobalSection(NestedProjects) = preSolution
		{CB9AE141-53A0-4D3B-A5DA-970055ECABA2} = {F8452A2A-B2A9-462B-BE71-1D4C5E1C0254}
		{3FBCCC8B-AF63-43B8-8496-88204FB51E1C} = {F8452A2A-B2A9-462B-BE71-1D4C5E1C0254}
		{CE95BBB7-E977-4B8C-9DD1-7EAB53AFAA37} = {F8452A2A-B2A9-462B-BE71-1D4C5E1C0254}
		{46745FEE-E8F7-4CBD-923A-D186F1A33673} = {F8452A2A-B2A9-462B-BE71-1D4C5E1C0254}
		{A3D57182-F892-45B7-AA74-3C6D6146AE15} = {F8452A2A-B2A9-462B-BE71-1D4C5E1C0254}
	EndGlobalSection
EndGlobal